
Microsoft Visual Studio Solution File, Format Version 12.00
# Visual Studio Version 17
VisualStudioVersion = 17.10.34916.146
MinimumVisualStudioVersion = 10.0.40219.1
Project("{FAE04EC0-301F-11D3-BF4B-00C04F79EFBC}") = "PracticaMVC", "PracticaMVC\PracticaMVC.csproj", "{4AD00177-816D-457E-85A2-C4193E7EA233}"
EndProject
Global
	GlobalSection(SolutionConfigurationPlatforms) = preSolution
		Debug|Any CPU = Debug|Any CPU
		Release|Any CPU = Release|Any CPU
	EndGlobalSection
	GlobalSection(ProjectConfigurationPlatforms) = postSolution
		{4AD00177-816D-457E-85A2-C4193E7EA233}.Debug|Any CPU.ActiveCfg = Debug|Any CPU
		{4AD00177-816D-457E-85A2-C4193E7EA233}.Debug|Any CPU.Build.0 = Debug|Any CPU
		{4AD00177-816D-457E-85A2-C4193E7EA233}.Release|Any CPU.ActiveCfg = Release|Any CPU
		{4AD00177-816D-457E-85A2-C4193E7EA233}.Release|Any CPU.Build.0 = Release|Any CPU
	EndGlobalSection
	GlobalSection(SolutionProperties) = preSolution
		HideSolutionNode = FALSE
	EndGlobalSection
	GlobalSection(ExtensibilityGlobals) = postSolution
		SolutionGuid = {F4A19DB0-BF68-4153-AB65-2F398BE86AAA}
	EndGlobalSection
EndGlobal
